
Microsoft Visual Studio Solution File, Format Version 12.00
# Visual Studio Version 17
VisualStudioVersion = 17.14.36408.4 d17.14
MinimumVisualStudioVersion = 10.0.40219.1
Project("{FAE04EC0-301F-11D3-BF4B-00C04F79EFBC}") = "Pib_Desk", "Pib_Desk\Pib_Desk.csproj", "{68CDCA82-3E63-4448-8217-230D1F429129}"
EndProject
Global
	GlobalSection(SolutionConfigurationPlatforms) = preSolution
		Debug|Any CPU = Debug|Any CPU
		Release|Any CPU = Release|Any CPU
	EndGlobalSection
	GlobalSection(ProjectConfigurationPlatforms) = postSolution
		{68CDCA82-3E63-4448-8217-230D1F429129}.Debug|Any CPU.ActiveCfg = Debug|Any CPU
		{68CDCA82-3E63-4448-8217-230D1F429129}.Debug|Any CPU.Build.0 = Debug|Any CPU
		{68CDCA82-3E63-4448-8217-230D1F429129}.Release|Any CPU.ActiveCfg = Release|Any CPU
		{68CDCA82-3E63-4448-8217-230D1F429129}.Release|Any CPU.Build.0 = Release|Any CPU
	EndGlobalSection
	GlobalSection(SolutionProperties) = preSolution
		HideSolutionNode = FALSE
	EndGlobalSection
	GlobalSection(ExtensibilityGlobals) = postSolution
		SolutionGuid = {E70778C9-2017-4032-B2F9-B7B7A94CB146}
	EndGlobalSection
EndGlobal
